
Microsoft Visual Studio Solution File, Format Version 12.00
# Visual Studio Version 17
VisualStudioVersion = 17.2.32630.192
MinimumVisualStudioVersion = 10.0.40219.1
Project("{FAE04EC0-301F-11D3-BF4B-00C04F79EFBC}") = "threads27_03", "threads27_03\threads27_03.csproj", "{A8CB6862-DAF1-4D42-9CE5-CE0708A4729D}"
EndProject
Global
	GlobalSection(SolutionConfigurationPlatforms) = preSolution
		Debug|Any CPU = Debug|Any CPU
		Release|Any CPU = Release|Any CPU
	EndGlobalSection
	GlobalSection(ProjectConfigurationPlatforms) = postSolution
		{A8CB6862-DAF1-4D42-9CE5-CE0708A4729D}.Debug|Any CPU.ActiveCfg = Debug|Any CPU
		{A8CB6862-DAF1-4D42-9CE5-CE0708A4729D}.Debug|Any CPU.Build.0 = Debug|Any CPU
		{A8CB6862-DAF1-4D42-9CE5-CE0708A4729D}.Release|Any CPU.ActiveCfg = Release|Any CPU
		{A8CB6862-DAF1-4D42-9CE5-CE0708A4729D}.Release|Any CPU.Build.0 = Release|Any CPU
	EndGlobalSection
	GlobalSection(SolutionProperties) = preSolution
		HideSolutionNode = FALSE
	EndGlobalSection
	GlobalSection(ExtensibilityGlobals) = postSolution
		SolutionGuid = {B62D78F7-4069-465E-A837-3F6DB8E89751}
	EndGlobalSection
EndGlobal
